{
  "name": "Openmedical",
  "lockfileVersion": 2,
  "requires": true,
  "packages": {
    "": {
      "dependencies": {
        "create-next-app": "^12.1.4"
      }
    },
    "node_modules/create-next-app": {
      "version": "12.1.4",
      "resolved": "https://registry.npmjs.org/create-next-app/-/create-next-app-12.1.4.tgz",
      "integrity": "sha512-oEYhy1HFiXxzG68KPJ3OvFLtCi0fAvQIQmZ/BfptKsb78ciEmE4YAKtg9b+Ankp6TXDLlaS4VlOzNHQn82kHhQ==",
      "bin": {
        "create-next-app": "dist/index.js"
      },
      "engines": {
        "node": ">=12.22.0"
      }
    }
  },
  "dependencies": {
    "create-next-app": {
      "version": "12.1.4",
      "resolved": "https://registry.npmjs.org/create-next-app/-/create-next-app-12.1.4.tgz",
      "integrity": "sha512-oEYhy1HFiXxzG68KPJ3OvFLtCi0fAvQIQmZ/BfptKsb78ciEmE4YAKtg9b+Ankp6TXDLlaS4VlOzNHQn82kHhQ=="
    }
  }
}
